
Microsoft Visual Studio Solution File, Format Version 12.00
# Visual Studio Version 17
VisualStudioVersion = 17.9.34622.214
MinimumVisualStudioVersion = 10.0.40219.1
Project("{FAE04EC0-301F-11D3-BF4B-00C04F79EFBC}") = "ProjetoPizzaria", "ProjetoPizzaria\ProjetoPizzaria.csproj", "{75E8D59A-ECA9-414C-BD54-2EA3F09451AF}"
EndProject
Global
	GlobalSection(SolutionConfigurationPlatforms) = preSolution
		Debug|Any CPU = Debug|Any CPU
		Release|Any CPU = Release|Any CPU
	EndGlobalSection
	GlobalSection(ProjectConfigurationPlatforms) = postSolution
		{75E8D59A-ECA9-414C-BD54-2EA3F09451AF}.Debug|Any CPU.ActiveCfg = Debug|Any CPU
		{75E8D59A-ECA9-414C-BD54-2EA3F09451AF}.Debug|Any CPU.Build.0 = Debug|Any CPU
		{75E8D59A-ECA9-414C-BD54-2EA3F09451AF}.Release|Any CPU.ActiveCfg = Release|Any CPU
		{75E8D59A-ECA9-414C-BD54-2EA3F09451AF}.Release|Any CPU.Build.0 = Release|Any CPU
	EndGlobalSection
	GlobalSection(SolutionProperties) = preSolution
		HideSolutionNode = FALSE
	EndGlobalSection
	GlobalSection(ExtensibilityGlobals) = postSolution
		SolutionGuid = {30063CC0-3A2E-4183-9343-EAFDE5ED5A05}
	EndGlobalSection
EndGlobal
